
Microsoft Visual Studio Solution File, Format Version 12.00
# Visual Studio Version 16
VisualStudioVersion = 16.0.31129.286
MinimumVisualStudioVersion = 10.0.40219.1
Project("{FAE04EC0-301F-11D3-BF4B-00C04F79EFBC}") = "Howarts.Api", "Howarts.Api\Howarts.Api.csproj", "{53C5271A-391B-4183-8FA1-650E56D0B4C0}"
EndProject
Global
	GlobalSection(SolutionConfigurationPlatforms) = preSolution
		Debug|Any CPU = Debug|Any CPU
		Release|Any CPU = Release|Any CPU
	EndGlobalSection
	GlobalSection(ProjectConfigurationPlatforms) = postSolution
		{53C5271A-391B-4183-8FA1-650E56D0B4C0}.Debug|Any CPU.ActiveCfg = Debug|Any CPU
		{53C5271A-391B-4183-8FA1-650E56D0B4C0}.Debug|Any CPU.Build.0 = Debug|Any CPU
		{53C5271A-391B-4183-8FA1-650E56D0B4C0}.Release|Any CPU.ActiveCfg = Release|Any CPU
		{53C5271A-391B-4183-8FA1-650E56D0B4C0}.Release|Any CPU.Build.0 = Release|Any CPU
	EndGlobalSection
	GlobalSection(SolutionProperties) = preSolution
		HideSolutionNode = FALSE
	EndGlobalSection
	GlobalSection(ExtensibilityGlobals) = postSolution
		SolutionGuid = {D8BD6F56-E759-4049-B706-4550E8576DB9}
	EndGlobalSection
EndGlobal
